
Microsoft Visual Studio Solution File, Format Version 12.00
# Visual Studio Version 16
VisualStudioVersion = 16.0.29519.181
MinimumVisualStudioVersion = 10.0.40219.1
Project("{9A19103F-16F7-4668-BE54-9A1E7A4F7556}") = "ProductsAssignmentAPI", "ProductsAssignmentAPI.csproj", "{50D10207-FF31-4723-ADBC-D58C5BBCE619}"
EndProject
Project("{9A19103F-16F7-4668-BE54-9A1E7A4F7556}") = "ProductsAssignmentAPI.UnitTests", "..\ProductsAssignmentAPI.IntegrationTests\ProductsAssignmentAPI.UnitTests.csproj", "{022275A4-AFC3-4BBD-BA6A-CCA24FDEB733}"
EndProject
Project("{FAE04EC0-301F-11D3-BF4B-00C04F79EFBC}") = "ProductsAssignentAPI.IntegrationTests", "..\ProductsAssignentAPI.IntegrationTests\ProductsAssignentAPI.IntegrationTests.csproj", "{FA48247C-01C8-48CA-847C-E8A699FFEBC0}"
EndProject
Global
	GlobalSection(SolutionConfigurationPlatforms) = preSolution
		Debug|Any CPU = Debug|Any CPU
		Release|Any CPU = Release|Any CPU
	EndGlobalSection
	GlobalSection(ProjectConfigurationPlatforms) = postSolution
		{50D10207-FF31-4723-ADBC-D58C5BBCE619}.Debug|Any CPU.ActiveCfg = Debug|Any CPU
		{50D10207-FF31-4723-ADBC-D58C5BBCE619}.Debug|Any CPU.Build.0 = Debug|Any CPU
		{50D10207-FF31-4723-ADBC-D58C5BBCE619}.Release|Any CPU.ActiveCfg = Release|Any CPU
		{50D10207-FF31-4723-ADBC-D58C5BBCE619}.Release|Any CPU.Build.0 = Release|Any CPU
		{022275A4-AFC3-4BBD-BA6A-CCA24FDEB733}.Debug|Any CPU.ActiveCfg = Debug|Any CPU
		{022275A4-AFC3-4BBD-BA6A-CCA24FDEB733}.Debug|Any CPU.Build.0 = Debug|Any CPU
		{022275A4-AFC3-4BBD-BA6A-CCA24FDEB733}.Release|Any CPU.ActiveCfg = Release|Any CPU
		{022275A4-AFC3-4BBD-BA6A-CCA24FDEB733}.Release|Any CPU.Build.0 = Release|Any CPU
		{FA48247C-01C8-48CA-847C-E8A699FFEBC0}.Debug|Any CPU.ActiveCfg = Debug|Any CPU
		{FA48247C-01C8-48CA-847C-E8A699FFEBC0}.Debug|Any CPU.Build.0 = Debug|Any CPU
		{FA48247C-01C8-48CA-847C-E8A699FFEBC0}.Release|Any CPU.ActiveCfg = Release|Any CPU
		{FA48247C-01C8-48CA-847C-E8A699FFEBC0}.Release|Any CPU.Build.0 = Release|Any CPU
	EndGlobalSection
	GlobalSection(SolutionProperties) = preSolution
		HideSolutionNode = FALSE
	EndGlobalSection
	GlobalSection(ExtensibilityGlobals) = postSolution
		SolutionGuid = {1321854D-4BF0-4CD8-A8A3-C35EAEB34973}
	EndGlobalSection
EndGlobal
